
Microsoft Visual Studio Solution File, Format Version 12.00
# Visual Studio Version 17
VisualStudioVersion = 17.13.35806.99
MinimumVisualStudioVersion = 10.0.40219.1
Project("{8BC9CEB8-8B4A-11D0-8D11-00A0C91BC942}") = "PktDef", "PktDef\PktDef.vcxproj", "{0E4B7090-C51B-46C7-982C-EBFBD050B6BB}"
EndProject
Project("{8BC9CEB8-8B4A-11D0-8D11-00A0C91BC942}") = "PktDefTests", "PktDefTests\PktDefTests.vcxproj", "{7793146E-0ED7-17C3-297D-8A667E2A7672}"
EndProject
Project("{8BC9CEB8-8B4A-11D0-8D11-00A0C91BC942}") = "MySocket", "MySocket\MySocket.vcxproj", "{DD6E20F3-A522-4B73-9C05-E947A9A04A64}"
EndProject
Project("{8BC9CEB8-8B4A-11D0-8D11-00A0C91BC942}") = "RobotController", "RobotController\RobotController.vcxproj", "{B0E9B04D-F59C-40A9-8FB1-58D1F769B5D4}"
EndProject
Global
	GlobalSection(SolutionConfigurationPlatforms) = preSolution
		Debug|x64 = Debug|x64
		Debug|x86 = Debug|x86
		Release|x64 = Release|x64
		Release|x86 = Release|x86
	EndGlobalSection
	GlobalSection(ProjectConfigurationPlatforms) = postSolution
		{0E4B7090-C51B-46C7-982C-EBFBD050B6BB}.Debug|x64.ActiveCfg = Debug|x64
		{0E4B7090-C51B-46C7-982C-EBFBD050B6BB}.Debug|x64.Build.0 = Debug|x64
		{0E4B7090-C51B-46C7-982C-EBFBD050B6BB}.Debug|x86.ActiveCfg = Debug|Win32
		{0E4B7090-C51B-46C7-982C-EBFBD050B6BB}.Debug|x86.Build.0 = Debug|Win32
		{0E4B7090-C51B-46C7-982C-EBFBD050B6BB}.Release|x64.ActiveCfg = Release|x64
		{0E4B7090-C51B-46C7-982C-EBFBD050B6BB}.Release|x64.Build.0 = Release|x64
		{0E4B7090-C51B-46C7-982C-EBFBD050B6BB}.Release|x86.ActiveCfg = Release|Win32
		{0E4B7090-C51B-46C7-982C-EBFBD050B6BB}.Release|x86.Build.0 = Release|Win32
		{7793146E-0ED7-17C3-297D-8A667E2A7672}.Debug|x64.ActiveCfg = Debug|x64
		{7793146E-0ED7-17C3-297D-8A667E2A7672}.Debug|x64.Build.0 = Debug|x64
		{7793146E-0ED7-17C3-297D-8A667E2A7672}.Debug|x86.ActiveCfg = Debug|Win32
		{7793146E-0ED7-17C3-297D-8A667E2A7672}.Debug|x86.Build.0 = Debug|Win32
		{7793146E-0ED7-17C3-297D-8A667E2A7672}.Release|x64.ActiveCfg = Release|x64
		{7793146E-0ED7-17C3-297D-8A667E2A7672}.Release|x64.Build.0 = Release|x64
		{7793146E-0ED7-17C3-297D-8A667E2A7672}.Release|x86.ActiveCfg = Release|Win32
		{7793146E-0ED7-17C3-297D-8A667E2A7672}.Release|x86.Build.0 = Release|Win32
		{DD6E20F3-A522-4B73-9C05-E947A9A04A64}.Debug|x64.ActiveCfg = Debug|x64
		{DD6E20F3-A522-4B73-9C05-E947A9A04A64}.Debug|x64.Build.0 = Debug|x64
		{DD6E20F3-A522-4B73-9C05-E947A9A04A64}.Debug|x86.ActiveCfg = Debug|Win32
		{DD6E20F3-A522-4B73-9C05-E947A9A04A64}.Debug|x86.Build.0 = Debug|Win32
		{DD6E20F3-A522-4B73-9C05-E947A9A04A64}.Release|x64.ActiveCfg = Release|x64
		{DD6E20F3-A522-4B73-9C05-E947A9A04A64}.Release|x64.Build.0 = Release|x64
		{DD6E20F3-A522-4B73-9C05-E947A9A04A64}.Release|x86.ActiveCfg = Release|Win32
		{DD6E20F3-A522-4B73-9C05-E947A9A04A64}.Release|x86.Build.0 = Release|Win32
		{B0E9B04D-F59C-40A9-8FB1-58D1F769B5D4}.Debug|x64.ActiveCfg = Debug|x64
		{B0E9B04D-F59C-40A9-8FB1-58D1F769B5D4}.Debug|x64.Build.0 = Debug|x64
		{B0E9B04D-F59C-40A9-8FB1-58D1F769B5D4}.Debug|x86.ActiveCfg = Debug|Win32
		{B0E9B04D-F59C-40A9-8FB1-58D1F769B5D4}.Debug|x86.Build.0 = Debug|Win32
		{B0E9B04D-F59C-40A9-8FB1-58D1F769B5D4}.Release|x64.ActiveCfg = Release|x64
		{B0E9B04D-F59C-40A9-8FB1-58D1F769B5D4}.Release|x64.Build.0 = Release|x64
		{B0E9B04D-F59C-40A9-8FB1-58D1F769B5D4}.Release|x86.ActiveCfg = Release|Win32
		{B0E9B04D-F59C-40A9-8FB1-58D1F769B5D4}.Release|x86.Build.0 = Release|Win32
	EndGlobalSection
	GlobalSection(SolutionProperties) = preSolution
		HideSolutionNode = FALSE
	EndGlobalSection
	GlobalSection(ExtensibilityGlobals) = postSolution
		SolutionGuid = {35E37709-9C55-4D6D-8864-5AD5694B0A83}
	EndGlobalSection
EndGlobal
